
Microsoft Visual Studio Solution File, Format Version 12.00
# Visual Studio Version 16
VisualStudioVersion = 16.0.29424.173
MinimumVisualStudioVersion = 10.0.40219.1
Project("{9A19103F-16F7-4668-BE54-9A1E7A4F7556}") = "QueueReceiver.Worker", "src\QueueReceiver.Worker\QueueReceiver.Worker.csproj", "{980F9139-B7FC-4B6E-8C4D-3DD5BFCB95E7}"
EndProject
Project("{2150E333-8FDC-42A3-9474-1A3956D46DE8}") = "src", "src", "{61B6D8C6-F591-426F-B858-9C826A32433D}"
EndProject
Project("{2150E333-8FDC-42A3-9474-1A3956D46DE8}") = "tests", "tests", "{BC65202D-64E0-4603-B335-8E5F36C67431}"
	ProjectSection(SolutionItems) = preProject
		tests\editorconfig = tests\editorconfig
	EndProjectSection
EndProject
Project("{9A19103F-16F7-4668-BE54-9A1E7A4F7556}") = "QueueReceiver.Infrastructure", "src\QueueReceiver.Infrastructure\QueueReceiver.Infrastructure.csproj", "{09772918-3CEC-4371-9B14-BE8EC1B9C3BA}"
EndProject
Project("{9A19103F-16F7-4668-BE54-9A1E7A4F7556}") = "QueueReceiver.Core", "src\QueueReceiver.Core\QueueReceiver.Core.csproj", "{5848828B-3998-44A2-A2F8-31525CA4E4C8}"
EndProject
Project("{9A19103F-16F7-4668-BE54-9A1E7A4F7556}") = "QueueReceiver.Infrastructure.UnitTests", "tests\QueueReceiver.Infrastructure.UnitTests\QueueReceiver.Infrastructure.UnitTests.csproj", "{23D8798A-3457-4BE6-8E9E-A9EFD3752C5B}"
EndProject
Project("{9A19103F-16F7-4668-BE54-9A1E7A4F7556}") = "QueueReceiver.Core.UnitTests", "tests\QueueReceiver.Core.UnitTests\QueueReceiver.Core.UnitTests.csproj", "{A030655E-069D-4D6B-86EB-14D7B85EE503}"
EndProject
Project("{FAE04EC0-301F-11D3-BF4B-00C04F79EFBC}") = "QueueReceiver.IntegrationTests", "tests\QueueReceiver.IntegrationTests\QueueReceiver.IntegrationTests.csproj", "{57F62015-4EF5-4690-A180-C469891285E8}"
EndProject
Project("{FAE04EC0-301F-11D3-BF4B-00C04F79EFBC}") = "GroupSyncer", "GroupSyncer\GroupSyncer.csproj", "{FAEAF9DF-9F03-4325-89EC-58ABC0BCF240}"
EndProject
Global
	GlobalSection(SolutionConfigurationPlatforms) = preSolution
		Debug|Any CPU = Debug|Any CPU
		Release|Any CPU = Release|Any CPU
	EndGlobalSection
	GlobalSection(ProjectConfigurationPlatforms) = postSolution
		{980F9139-B7FC-4B6E-8C4D-3DD5BFCB95E7}.Debug|Any CPU.ActiveCfg = Debug|Any CPU
		{980F9139-B7FC-4B6E-8C4D-3DD5BFCB95E7}.Debug|Any CPU.Build.0 = Debug|Any CPU
		{980F9139-B7FC-4B6E-8C4D-3DD5BFCB95E7}.Release|Any CPU.ActiveCfg = Release|Any CPU
		{980F9139-B7FC-4B6E-8C4D-3DD5BFCB95E7}.Release|Any CPU.Build.0 = Release|Any CPU
		{09772918-3CEC-4371-9B14-BE8EC1B9C3BA}.Debug|Any CPU.ActiveCfg = Debug|Any CPU
		{09772918-3CEC-4371-9B14-BE8EC1B9C3BA}.Debug|Any CPU.Build.0 = Debug|Any CPU
		{09772918-3CEC-4371-9B14-BE8EC1B9C3BA}.Release|Any CPU.ActiveCfg = Release|Any CPU
		{09772918-3CEC-4371-9B14-BE8EC1B9C3BA}.Release|Any CPU.Build.0 = Release|Any CPU
		{5848828B-3998-44A2-A2F8-31525CA4E4C8}.Debug|Any CPU.ActiveCfg = Debug|Any CPU
		{5848828B-3998-44A2-A2F8-31525CA4E4C8}.Debug|Any CPU.Build.0 = Debug|Any CPU
		{5848828B-3998-44A2-A2F8-31525CA4E4C8}.Release|Any CPU.ActiveCfg = Release|Any CPU
		{5848828B-3998-44A2-A2F8-31525CA4E4C8}.Release|Any CPU.Build.0 = Release|Any CPU
		{23D8798A-3457-4BE6-8E9E-A9EFD3752C5B}.Debug|Any CPU.ActiveCfg = Debug|Any CPU
		{23D8798A-3457-4BE6-8E9E-A9EFD3752C5B}.Debug|Any CPU.Build.0 = Debug|Any CPU
		{23D8798A-3457-4BE6-8E9E-A9EFD3752C5B}.Release|Any CPU.ActiveCfg = Release|Any CPU
		{23D8798A-3457-4BE6-8E9E-A9EFD3752C5B}.Release|Any CPU.Build.0 = Release|Any CPU
		{A030655E-069D-4D6B-86EB-14D7B85EE503}.Debug|Any CPU.ActiveCfg = Debug|Any CPU
		{A030655E-069D-4D6B-86EB-14D7B85EE503}.Debug|Any CPU.Build.0 = Debug|Any CPU
		{A030655E-069D-4D6B-86EB-14D7B85EE503}.Release|Any CPU.ActiveCfg = Release|Any CPU
		{A030655E-069D-4D6B-86EB-14D7B85EE503}.Release|Any CPU.Build.0 = Release|Any CPU
		{57F62015-4EF5-4690-A180-C469891285E8}.Debug|Any CPU.ActiveCfg = Debug|Any CPU
		{57F62015-4EF5-4690-A180-C469891285E8}.Debug|Any CPU.Build.0 = Debug|Any CPU
		{57F62015-4EF5-4690-A180-C469891285E8}.Release|Any CPU.ActiveCfg = Release|Any CPU
		{57F62015-4EF5-4690-A180-C469891285E8}.Release|Any CPU.Build.0 = Release|Any CPU
		{FAEAF9DF-9F03-4325-89EC-58ABC0BCF240}.Debug|Any CPU.ActiveCfg = Debug|Any CPU
		{FAEAF9DF-9F03-4325-89EC-58ABC0BCF240}.Debug|Any CPU.Build.0 = Debug|Any CPU
		{FAEAF9DF-9F03-4325-89EC-58ABC0BCF240}.Release|Any CPU.ActiveCfg = Release|Any CPU
		{FAEAF9DF-9F03-4325-89EC-58ABC0BCF240}.Release|Any CPU.Build.0 = Release|Any CPU
	EndGlobalSection
	GlobalSection(SolutionProperties) = preSolution
		HideSolutionNode = FALSE
	EndGlobalSection
	GlobalSection(NestedProjects) = preSolution
		{980F9139-B7FC-4B6E-8C4D-3DD5BFCB95E7} = {61B6D8C6-F591-426F-B858-9C826A32433D}
		{09772918-3CEC-4371-9B14-BE8EC1B9C3BA} = {61B6D8C6-F591-426F-B858-9C826A32433D}
		{5848828B-3998-44A2-A2F8-31525CA4E4C8} = {61B6D8C6-F591-426F-B858-9C826A32433D}
		{23D8798A-3457-4BE6-8E9E-A9EFD3752C5B} = {BC65202D-64E0-4603-B335-8E5F36C67431}
		{A030655E-069D-4D6B-86EB-14D7B85EE503} = {BC65202D-64E0-4603-B335-8E5F36C67431}
		{57F62015-4EF5-4690-A180-C469891285E8} = {BC65202D-64E0-4603-B335-8E5F36C67431}
		{FAEAF9DF-9F03-4325-89EC-58ABC0BCF240} = {61B6D8C6-F591-426F-B858-9C826A32433D}
	EndGlobalSection
	GlobalSection(ExtensibilityGlobals) = postSolution
		SolutionGuid = {840D546D-9B22-4171-A343-61BDFC85E445}
	EndGlobalSection
EndGlobal
